// !$*UTF8*$!
{
	archiveVersion = 1;
	classes = {
	};
	objectVersion = 46;
	objects = {

/* Begin PBXBuildFile section */
		631338571A4CFFC800BE6497 /* CRDashBoardViewController.m in Sources */ = {isa = PBXBuildFile; fileRef = 631338561A4CFFC800BE6497 /* CRDashBoardViewController.m */; };
		6313385A1A4D1D8800BE6497 /* CRStatusBar.m in Sources */ = {isa = PBXBuildFile; fileRef = 631338591A4D1D8800BE6497 /* CRStatusBar.m */; };
		F014BD7C1A4C5FD20009F87E /* main.m in Sources */ = {isa = PBXBuildFile; fileRef = F014BD7B1A4C5FD20009F87E /* main.m */; };
		F014BD7F1A4C5FD20009F87E /* DemoAppDelegate.m in Sources */ = {isa = PBXBuildFile; fileRef = F014BD7E1A4C5FD20009F87E /* DemoAppDelegate.m */; };
		F014BD821A4C5FD20009F87E /* DemoSecondViewController.m in Sources */ = {isa = PBXBuildFile; fileRef = F014BD811A4C5FD20009F87E /* DemoSecondViewController.m */; };
		F014BD871A4C5FD20009F87E /* Images.xcassets in Resources */ = {isa = PBXBuildFile; fileRef = F014BD861A4C5FD20009F87E /* Images.xcassets */; };
		F014BD961A4C5FD20009F87E /* CRCheckerDemoTests.m in Sources */ = {isa = PBXBuildFile; fileRef = F014BD951A4C5FD20009F87E /* CRCheckerDemoTests.m */; };
		F014BD9F1A4C60350009F87E /* CRChecker.m in Sources */ = {isa = PBXBuildFile; fileRef = F014BD9E1A4C60350009F87E /* CRChecker.m */; };
		F014BDA51A4C636D0009F87E /* NSObject+CRChecker.m in Sources */ = {isa = PBXBuildFile; fileRef = F014BDA41A4C636D0009F87E /* NSObject+CRChecker.m */; };
		F014BDA81A4C64340009F87E /* CRCounter.m in Sources */ = {isa = PBXBuildFile; fileRef = F014BDA71A4C64340009F87E /* CRCounter.m */; };
		F014BDAA1A4C6F190009F87E /* DemoSecondViewController.xib in Resources */ = {isa = PBXBuildFile; fileRef = F014BDA91A4C6F190009F87E /* DemoSecondViewController.xib */; };
		F014BDAE1A4C6F730009F87E /* DemoModalViewController.m in Sources */ = {isa = PBXBuildFile; fileRef = F014BDAC1A4C6F730009F87E /* DemoModalViewController.m */; };
		F014BDAF1A4C6F730009F87E /* DemoModalViewController.xib in Resources */ = {isa = PBXBuildFile; fileRef = F014BDAD1A4C6F730009F87E /* DemoModalViewController.xib */; };
		F014BDB31A4C72680009F87E /* DemoFirstViewController.m in Sources */ = {isa = PBXBuildFile; fileRef = F014BDB11A4C72680009F87E /* DemoFirstViewController.m */; };
		F014BDB41A4C72680009F87E /* DemoFirstViewController.xib in Resources */ = {isa = PBXBuildFile; fileRef = F014BDB21A4C72680009F87E /* DemoFirstViewController.xib */; };
		F08EE7411A519B700037FBDA /* NSObject+CRObjectStorager.m in Sources */ = {isa = PBXBuildFile; fileRef = F08EE7401A519B700037FBDA /* NSObject+CRObjectStorager.m */; };
		F08EE7441A51AA4A0037FBDA /* CRObjectBoardViewController.m in Sources */ = {isa = PBXBuildFile; fileRef = F08EE7431A51AA4A0037FBDA /* CRObjectBoardViewController.m */; };
/* End PBXBuildFile section */

/* Begin PBXContainerItemProxy section */
		F014BD901A4C5FD20009F87E /* PBXContainerItemProxy */ = {
			isa = PBXContainerItemProxy;
			containerPortal = F014BD421A4C5E920009F87E /* Project object */;
			proxyType = 1;
			remoteGlobalIDString = F014BD761A4C5FD20009F87E;
			remoteInfo = CRCheckerDemo;
		};
/* End PBXContainerItemProxy section */

/* Begin PBXFileReference section */
		631338551A4CFFC800BE6497 /* CRDashBoardViewController.h */ = {isa = PBXFileReference; fileEncoding = 4; lastKnownFileType = sourcecode.c.h; path = CRDashBoardViewController.h; sourceTree = "<group>"; };
		631338561A4CFFC800BE6497 /* CRDashBoardViewController.m */ = {isa = PBXFileReference; fileEncoding = 4; lastKnownFileType = sourcecode.c.objc; path = CRDashBoardViewController.m; sourceTree = "<group>"; };
		631338581A4D1D8800BE6497 /* CRStatusBar.h */ = {isa = PBXFileReference; fileEncoding = 4; lastKnownFileType = sourcecode.c.h; path = CRStatusBar.h; sourceTree = "<group>"; };
		631338591A4D1D8800BE6497 /* CRStatusBar.m */ = {isa = PBXFileReference; fileEncoding = 4; lastKnownFileType = sourcecode.c.objc; path = CRStatusBar.m; sourceTree = "<group>"; };
		F014BD771A4C5FD20009F87E /* CRCheckerDemo.app */ = {isa = PBXFileReference; explicitFileType = wrapper.application; includeInIndex = 0; path = CRCheckerDemo.app; sourceTree = BUILT_PRODUCTS_DIR; };
		F014BD7A1A4C5FD20009F87E /* Info.plist */ = {isa = PBXFileReference; lastKnownFileType = text.plist.xml; path = Info.plist; sourceTree = "<group>"; };
		F014BD7B1A4C5FD20009F87E /* main.m */ = {isa = PBXFileReference; lastKnownFileType = sourcecode.c.objc; path = main.m; sourceTree = "<group>"; };
		F014BD7D1A4C5FD20009F87E /* DemoAppDelegate.h */ = {isa = PBXFileReference; lastKnownFileType = sourcecode.c.h; path = DemoAppDelegate.h; sourceTree = "<group>"; };
		F014BD7E1A4C5FD20009F87E /* DemoAppDelegate.m */ = {isa = PBXFileReference; lastKnownFileType = sourcecode.c.objc; path = DemoAppDelegate.m; sourceTree = "<group>"; };
		F014BD801A4C5FD20009F87E /* DemoSecondViewController.h */ = {isa = PBXFileReference; lastKnownFileType = sourcecode.c.h; path = DemoSecondViewController.h; sourceTree = "<group>"; };
		F014BD811A4C5FD20009F87E /* DemoSecondViewController.m */ = {isa = PBXFileReference; lastKnownFileType = sourcecode.c.objc; path = DemoSecondViewController.m; sourceTree = "<group>"; };
		F014BD861A4C5FD20009F87E /* Images.xcassets */ = {isa = PBXFileReference; lastKnownFileType = folder.assetcatalog; path = Images.xcassets; sourceTree = "<group>"; };
		F014BD8F1A4C5FD20009F87E /* CRCheckerDemoTests.xctest */ = {isa = PBXFileReference; explicitFileType = wrapper.cfbundle; includeInIndex = 0; path = CRCheckerDemoTests.xctest; sourceTree = BUILT_PRODUCTS_DIR; };
		F014BD941A4C5FD20009F87E /* Info.plist */ = {isa = PBXFileReference; lastKnownFileType = text.plist.xml; path = Info.plist; sourceTree = "<group>"; };
		F014BD951A4C5FD20009F87E /* CRCheckerDemoTests.m */ = {isa = PBXFileReference; lastKnownFileType = sourcecode.c.objc; path = CRCheckerDemoTests.m; sourceTree = "<group>"; };
		F014BD9D1A4C60350009F87E /* CRChecker.h */ = {isa = PBXFileReference; fileEncoding = 4; lastKnownFileType = sourcecode.c.h; path = CRChecker.h; sourceTree = "<group>"; };
		F014BD9E1A4C60350009F87E /* CRChecker.m */ = {isa = PBXFileReference; fileEncoding = 4; lastKnownFileType = sourcecode.c.objc; path = CRChecker.m; sourceTree = "<group>"; };
		F014BDA31A4C636D0009F87E /* NSObject+CRChecker.h */ = {isa = PBXFileReference; fileEncoding = 4; lastKnownFileType = sourcecode.c.h; path = "NSObject+CRChecker.h"; sourceTree = "<group>"; };
		F014BDA41A4C636D0009F87E /* NSObject+CRChecker.m */ = {isa = PBXFileReference; fileEncoding = 4; lastKnownFileType = sourcecode.c.objc; path = "NSObject+CRChecker.m"; sourceTree = "<group>"; };
		F014BDA61A4C64340009F87E /* CRCounter.h */ = {isa = PBXFileReference; fileEncoding = 4; lastKnownFileType = sourcecode.c.h; path = CRCounter.h; sourceTree = "<group>"; };
		F014BDA71A4C64340009F87E /* CRCounter.m */ = {isa = PBXFileReference; fileEncoding = 4; lastKnownFileType = sourcecode.c.objc; path = CRCounter.m; sourceTree = "<group>"; };
		F014BDA91A4C6F190009F87E /* DemoSecondViewController.xib */ = {isa = PBXFileReference; fileEncoding = 4; lastKnownFileType = file.xib; path = DemoSecondViewController.xib; sourceTree = "<group>"; };
		F014BDAB1A4C6F730009F87E /* DemoModalViewController.h */ = {isa = PBXFileReference; fileEncoding = 4; lastKnownFileType = sourcecode.c.h; path = DemoModalViewController.h; sourceTree = "<group>"; };
		F014BDAC1A4C6F730009F87E /* DemoModalViewController.m */ = {isa = PBXFileReference; fileEncoding = 4; lastKnownFileType = sourcecode.c.objc; path = DemoModalViewController.m; sourceTree = "<group>"; };
		F014BDAD1A4C6F730009F87E /* DemoModalViewController.xib */ = {isa = PBXFileReference; fileEncoding = 4; lastKnownFileType = file.xib; path = DemoModalViewController.xib; sourceTree = "<group>"; };
		F014BDB01A4C72680009F87E /* DemoFirstViewController.h */ = {isa = PBXFileReference; fileEncoding = 4; lastKnownFileType = sourcecode.c.h; path = DemoFirstViewController.h; sourceTree = "<group>"; };
		F014BDB11A4C72680009F87E /* DemoFirstViewController.m */ = {isa = PBXFileReference; fileEncoding = 4; lastKnownFileType = sourcecode.c.objc; path = DemoFirstViewController.m; sourceTree = "<group>"; };
		F014BDB21A4C72680009F87E /* DemoFirstViewController.xib */ = {isa = PBXFileReference; fileEncoding = 4; lastKnownFileType = file.xib; path = DemoFirstViewController.xib; sourceTree = "<group>"; };
		F08EE73F1A519B700037FBDA /* NSObject+CRObjectStorager.h */ = {isa = PBXFileReference; fileEncoding = 4; lastKnownFileType = sourcecode.c.h; path = "NSObject+CRObjectStorager.h"; sourceTree = "<group>"; };
		F08EE7401A519B700037FBDA /* NSObject+CRObjectStorager.m */ = {isa = PBXFileReference; fileEncoding = 4; lastKnownFileType = sourcecode.c.objc; path = "NSObject+CRObjectStorager.m"; sourceTree = "<group>"; };
		F08EE7421A51AA4A0037FBDA /* CRObjectBoardViewController.h */ = {isa = PBXFileReference; fileEncoding = 4; lastKnownFileType = sourcecode.c.h; path = CRObjectBoardViewController.h; sourceTree = "<group>"; };
		F08EE7431A51AA4A0037FBDA /* CRObjectBoardViewController.m */ = {isa = PBXFileReference; fileEncoding = 4; lastKnownFileType = sourcecode.c.objc; path = CRObjectBoardViewController.m; sourceTree = "<group>"; };
/* End PBXFileReference section */

/* Begin PBXFrameworksBuildPhase section */
		F014BD741A4C5FD20009F87E /* Frameworks */ = {
			isa = PBXFrameworksBuildPhase;
			buildActionMask = 2147483647;
			files = (
			);
			runOnlyForDeploymentPostprocessing = 0;
		};
		F014BD8C1A4C5FD20009F87E /* Frameworks */ = {
			isa = PBXFrameworksBuildPhase;
			buildActionMask = 2147483647;
			files = (
			);
			runOnlyForDeploymentPostprocessing = 0;
		};
/* End PBXFrameworksBuildPhase section */

/* Begin PBXGroup section */
		F014BD411A4C5E920009F87E = {
			isa = PBXGroup;
			children = (
				F014BD4C1A4C5E920009F87E /* CRChecker */,
				F014BD781A4C5FD20009F87E /* CRCheckerDemo */,
				F014BD921A4C5FD20009F87E /* CRCheckerDemoTests */,
				F014BD4B1A4C5E920009F87E /* Products */,
			);
			sourceTree = "<group>";
		};
		F014BD4B1A4C5E920009F87E /* Products */ = {
			isa = PBXGroup;
			children = (
				F014BD771A4C5FD20009F87E /* CRCheckerDemo.app */,
				F014BD8F1A4C5FD20009F87E /* CRCheckerDemoTests.xctest */,
			);
			name = Products;
			sourceTree = "<group>";
		};
		F014BD4C1A4C5E920009F87E /* CRChecker */ = {
			isa = PBXGroup;
			children = (
				F014BD9D1A4C60350009F87E /* CRChecker.h */,
				F014BD9E1A4C60350009F87E /* CRChecker.m */,
				F014BDA61A4C64340009F87E /* CRCounter.h */,
				F014BDA71A4C64340009F87E /* CRCounter.m */,
				F014BDA31A4C636D0009F87E /* NSObject+CRChecker.h */,
				F014BDA41A4C636D0009F87E /* NSObject+CRChecker.m */,
				F08EE73F1A519B700037FBDA /* NSObject+CRObjectStorager.h */,
				F08EE7401A519B700037FBDA /* NSObject+CRObjectStorager.m */,
				631338551A4CFFC800BE6497 /* CRDashBoardViewController.h */,
				631338561A4CFFC800BE6497 /* CRDashBoardViewController.m */,
				F08EE7421A51AA4A0037FBDA /* CRObjectBoardViewController.h */,
				F08EE7431A51AA4A0037FBDA /* CRObjectBoardViewController.m */,
				631338581A4D1D8800BE6497 /* CRStatusBar.h */,
				631338591A4D1D8800BE6497 /* CRStatusBar.m */,
			);
			path = CRChecker;
			sourceTree = "<group>";
		};
		F014BD781A4C5FD20009F87E /* CRCheckerDemo */ = {
			isa = PBXGroup;
			children = (
				F014BD7D1A4C5FD20009F87E /* DemoAppDelegate.h */,
				F014BD7E1A4C5FD20009F87E /* DemoAppDelegate.m */,
				F014BDB01A4C72680009F87E /* DemoFirstViewController.h */,
				F014BDB11A4C72680009F87E /* DemoFirstViewController.m */,
				F014BDB21A4C72680009F87E /* DemoFirstViewController.xib */,
				F014BD801A4C5FD20009F87E /* DemoSecondViewController.h */,
				F014BD811A4C5FD20009F87E /* DemoSecondViewController.m */,
				F014BDA91A4C6F190009F87E /* DemoSecondViewController.xib */,
				F014BDAB1A4C6F730009F87E /* DemoModalViewController.h */,
				F014BDAC1A4C6F730009F87E /* DemoModalViewController.m */,
				F014BDAD1A4C6F730009F87E /* DemoModalViewController.xib */,
				F014BD861A4C5FD20009F87E /* Images.xcassets */,
				F014BD791A4C5FD20009F87E /* Supporting Files */,
			);
			path = CRCheckerDemo;
			sourceTree = "<group>";
		};
		F014BD791A4C5FD20009F87E /* Supporting Files */ = {
			isa = PBXGroup;
			children = (
				F014BD7A1A4C5FD20009F87E /* Info.plist */,
				F014BD7B1A4C5FD20009F87E /* main.m */,
			);
			name = "Supporting Files";
			sourceTree = "<group>";
		};
		F014BD921A4C5FD20009F87E /* CRCheckerDemoTests */ = {
			isa = PBXGroup;
			children = (
				F014BD951A4C5FD20009F87E /* CRCheckerDemoTests.m */,
				F014BD931A4C5FD20009F87E /* Supporting Files */,
			);
			path = CRCheckerDemoTests;
			sourceTree = "<group>";
		};
		F014BD931A4C5FD20009F87E /* Supporting Files */ = {
			isa = PBXGroup;
			children = (
				F014BD941A4C5FD20009F87E /* Info.plist */,
			);
			name = "Supporting Files";
			sourceTree = "<group>";
		};
/* End PBXGroup section */

/* Begin PBXNativeTarget section */
		F014BD761A4C5FD20009F87E /* CRCheckerDemo */ = {
			isa = PBXNativeTarget;
			buildConfigurationList = F014BD971A4C5FD20009F87E /* Build configuration list for PBXNativeTarget "CRCheckerDemo" */;
			buildPhases = (
				F014BD731A4C5FD20009F87E /* Sources */,
				F014BD741A4C5FD20009F87E /* Frameworks */,
				F014BD751A4C5FD20009F87E /* Resources */,
			);
			buildRules = (
			);
			dependencies = (
			);
			name = CRCheckerDemo;
			productName = CRCheckerDemo;
			productReference = F014BD771A4C5FD20009F87E /* CRCheckerDemo.app */;
			productType = "com.apple.product-type.application";
		};
		F014BD8E1A4C5FD20009F87E /* CRCheckerDemoTests */ = {
			isa = PBXNativeTarget;
			buildConfigurationList = F014BD9A1A4C5FD20009F87E /* Build configuration list for PBXNativeTarget "CRCheckerDemoTests" */;
			buildPhases = (
				F014BD8B1A4C5FD20009F87E /* Sources */,
				F014BD8C1A4C5FD20009F87E /* Frameworks */,
				F014BD8D1A4C5FD20009F87E /* Resources */,
			);
			buildRules = (
			);
			dependencies = (
				F014BD911A4C5FD20009F87E /* PBXTargetDependency */,
			);
			name = CRCheckerDemoTests;
			productName = CRCheckerDemoTests;
			productReference = F014BD8F1A4C5FD20009F87E /* CRCheckerDemoTests.xctest */;
			productType = "com.apple.product-type.bundle.unit-test";
		};
/* End PBXNativeTarget section */

/* Begin PBXProject section */
		F014BD421A4C5E920009F87E /* Project object */ = {
			isa = PBXProject;
			attributes = {
				LastUpgradeCheck = 0600;
				ORGANIZATIONNAME = "崔 明辉";
				TargetAttributes = {
					F014BD761A4C5FD20009F87E = {
						CreatedOnToolsVersion = 6.0;
					};
					F014BD8E1A4C5FD20009F87E = {
						CreatedOnToolsVersion = 6.0;
						TestTargetID = F014BD761A4C5FD20009F87E;
					};
				};
			};
			buildConfigurationList = F014BD451A4C5E920009F87E /* Build configuration list for PBXProject "CRChecker" */;
			compatibilityVersion = "Xcode 3.2";
			developmentRegion = English;
			hasScannedForEncodings = 0;
			knownRegions = (
				en,
				Base,
			);
			mainGroup = F014BD411A4C5E920009F87E;
			productRefGroup = F014BD4B1A4C5E920009F87E /* Products */;
			projectDirPath = "";
			projectRoot = "";
			targets = (
				F014BD761A4C5FD20009F87E /* CRCheckerDemo */,
				F014BD8E1A4C5FD20009F87E /* CRCheckerDemoTests */,
			);
		};
/* End PBXProject section */

/* Begin PBXResourcesBuildPhase section */
		F014BD751A4C5FD20009F87E /* Resources */ = {
			isa = PBXResourcesBuildPhase;
			buildActionMask = 2147483647;
			files = (
				F014BDAF1A4C6F730009F87E /* DemoModalViewController.xib in Resources */,
				F014BDB41A4C72680009F87E /* DemoFirstViewController.xib in Resources */,
				F014BDAA1A4C6F190009F87E /* DemoSecondViewController.xib in Resources */,
				F014BD871A4C5FD20009F87E /* Images.xcassets in Resources */,
			);
			runOnlyForDeploymentPostprocessing = 0;
		};
		F014BD8D1A4C5FD20009F87E /* Resources */ = {
			isa = PBXResourcesBuildPhase;
			buildActionMask = 2147483647;
			files = (
			);
			runOnlyForDeploymentPostprocessing = 0;
		};
/* End PBXResourcesBuildPhase section */

/* Begin PBXSourcesBuildPhase section */
		F014BD731A4C5FD20009F87E /* Sources */ = {
			isa = PBXSourcesBuildPhase;
			buildActionMask = 2147483647;
			files = (
				F014BD9F1A4C60350009F87E /* CRChecker.m in Sources */,
				F014BD821A4C5FD20009F87E /* DemoSecondViewController.m in Sources */,
				6313385A1A4D1D8800BE6497 /* CRStatusBar.m in Sources */,
				F08EE7441A51AA4A0037FBDA /* CRObjectBoardViewController.m in Sources */,
				F08EE7411A519B700037FBDA /* NSObject+CRObjectStorager.m in Sources */,
				F014BDAE1A4C6F730009F87E /* DemoModalViewController.m in Sources */,
				631338571A4CFFC800BE6497 /* CRDashBoardViewController.m in Sources */,
				F014BDA51A4C636D0009F87E /* NSObject+CRChecker.m in Sources */,
				F014BDA81A4C64340009F87E /* CRCounter.m in Sources */,
				F014BD7F1A4C5FD20009F87E /* DemoAppDelegate.m in Sources */,
				F014BD7C1A4C5FD20009F87E /* main.m in Sources */,
				F014BDB31A4C72680009F87E /* DemoFirstViewController.m in Sources */,
			);
			runOnlyForDeploymentPostprocessing = 0;
		};
		F014BD8B1A4C5FD20009F87E /* Sources */ = {
			isa = PBXSourcesBuildPhase;
			buildActionMask = 2147483647;
			files = (
				F014BD961A4C5FD20009F87E /* CRCheckerDemoTests.m in Sources */,
			);
			runOnlyForDeploymentPostprocessing = 0;
		};
/* End PBXSourcesBuildPhase section */

/* Begin PBXTargetDependency section */
		F014BD911A4C5FD20009F87E /* PBXTargetDependency */ = {
			isa = PBXTargetDependency;
			target = F014BD761A4C5FD20009F87E /* CRCheckerDemo */;
			targetProxy = F014BD901A4C5FD20009F87E /* PBXContainerItemProxy */;
		};
/* End PBXTargetDependency section */

/* Begin XCBuildConfiguration section */
		F014BD6B1A4C5E930009F87E /* Debug */ = {
			isa = XCBuildConfiguration;
			buildSettings = {
				ALWAYS_SEARCH_USER_PATHS = NO;
				CLANG_CXX_LANGUAGE_STANDARD = "gnu++0x";
				CLANG_CXX_LIBRARY = "libc++";
				CLANG_ENABLE_MODULES = YES;
				CLANG_ENABLE_OBJC_ARC = YES;
				CLANG_WARN_BOOL_CONVERSION = YES;
				CLANG_WARN_CONSTANT_CONVERSION = YES;
				CLANG_WARN_DIRECT_OBJC_ISA_USAGE = YES_ERROR;
				CLANG_WARN_EMPTY_BODY = YES;
				CLANG_WARN_ENUM_CONVERSION = YES;
				CLANG_WARN_INT_CONVERSION = YES;
				CLANG_WARN_OBJC_ROOT_CLASS = YES_ERROR;
				CLANG_WARN_UNREACHABLE_CODE = YES;
				CLANG_WARN__DUPLICATE_METHOD_MATCH = YES;
				"CODE_SIGN_IDENTITY[sdk=iphoneos*]" = "iPhone Developer";
				COPY_PHASE_STRIP = NO;
				ENABLE_STRICT_OBJC_MSGSEND = YES;
				GCC_C_LANGUAGE_STANDARD = gnu99;
				GCC_DYNAMIC_NO_PIC = NO;
				GCC_OPTIMIZATION_LEVEL = 0;
				GCC_PREPROCESSOR_DEFINITIONS = (
					"DEBUG=1",
					"$(inherited)",
				);
				GCC_SYMBOLS_PRIVATE_EXTERN = NO;
				GCC_WARN_64_TO_32_BIT_CONVERSION = YES;
				GCC_WARN_ABOUT_RETURN_TYPE = YES_ERROR;
				GCC_WARN_UNDECLARED_SELECTOR = YES;
				GCC_WARN_UNINITIALIZED_AUTOS = YES_AGGRESSIVE;
				GCC_WARN_UNUSED_FUNCTION = YES;
				GCC_WARN_UNUSED_VARIABLE = YES;
				IPHONEOS_DEPLOYMENT_TARGET = 8.0;
				MTL_ENABLE_DEBUG_INFO = YES;
				ONLY_ACTIVE_ARCH = YES;
				SDKROOT = iphoneos;
				TARGETED_DEVICE_FAMILY = "1,2";
			};
			name = Debug;
		};
		F014BD6C1A4C5E930009F87E /* Release */ = {
			isa = XCBuildConfiguration;
			buildSettings = {
				ALWAYS_SEARCH_USER_PATHS = NO;
				CLANG_CXX_LANGUAGE_STANDARD = "gnu++0x";
				CLANG_CXX_LIBRARY = "libc++";
				CLANG_ENABLE_MODULES = YES;
				CLANG_ENABLE_OBJC_ARC = YES;
				CLANG_WARN_BOOL_CONVERSION = YES;
				CLANG_WARN_CONSTANT_CONVERSION = YES;
				CLANG_WARN_DIRECT_OBJC_ISA_USAGE = YES_ERROR;
				CLANG_WARN_EMPTY_BODY = YES;
				CLANG_WARN_ENUM_CONVERSION = YES;
				CLANG_WARN_INT_CONVERSION = YES;
				CLANG_WARN_OBJC_ROOT_CLASS = YES_ERROR;
				CLANG_WARN_UNREACHABLE_CODE = YES;
				CLANG_WARN__DUPLICATE_METHOD_MATCH = YES;
				"CODE_SIGN_IDENTITY[sdk=iphoneos*]" = "iPhone Developer";
				COPY_PHASE_STRIP = YES;
				ENABLE_NS_ASSERTIONS = NO;
				ENABLE_STRICT_OBJC_MSGSEND = YES;
				GCC_C_LANGUAGE_STANDARD = gnu99;
				GCC_WARN_64_TO_32_BIT_CONVERSION = YES;
				GCC_WARN_ABOUT_RETURN_TYPE = YES_ERROR;
				GCC_WARN_UNDECLARED_SELECTOR = YES;
				GCC_WARN_UNINITIALIZED_AUTOS = YES_AGGRESSIVE;
				GCC_WARN_UNUSED_FUNCTION = YES;
				GCC_WARN_UNUSED_VARIABLE = YES;
				IPHONEOS_DEPLOYMENT_TARGET = 8.0;
				MTL_ENABLE_DEBUG_INFO = NO;
				SDKROOT = iphoneos;
				TARGETED_DEVICE_FAMILY = "1,2";
				VALIDATE_PRODUCT = YES;
			};
			name = Release;
		};
		F014BD981A4C5FD20009F87E /* Debug */ = {
			isa = XCBuildConfiguration;
			buildSettings = {
				ARCHS = "$(ARCHS_STANDARD_32_BIT)";
				ASSETCATALOG_COMPILER_APPICON_NAME = AppIcon;
				ASSETCATALOG_COMPILER_LAUNCHIMAGE_NAME = LaunchImage;
				GCC_PREPROCESSOR_DEFINITIONS = (
					"DEBUG=1",
					"$(inherited)",
				);
				INFOPLIST_FILE = CRCheckerDemo/Info.plist;
				IPHONEOS_DEPLOYMENT_TARGET = 5.0;
				LD_RUNPATH_SEARCH_PATHS = "$(inherited) @executable_path/Frameworks";
				PRODUCT_NAME = "$(TARGET_NAME)";
			};
			name = Debug;
		};
		F014BD991A4C5FD20009F87E /* Release */ = {
			isa = XCBuildConfiguration;
			buildSettings = {
				ARCHS = "$(ARCHS_STANDARD_32_BIT)";
				ASSETCATALOG_COMPILER_APPICON_NAME = AppIcon;
				ASSETCATALOG_COMPILER_LAUNCHIMAGE_NAME = LaunchImage;
				INFOPLIST_FILE = CRCheckerDemo/Info.plist;
				IPHONEOS_DEPLOYMENT_TARGET = 5.0;
				LD_RUNPATH_SEARCH_PATHS = "$(inherited) @executable_path/Frameworks";
				PRODUCT_NAME = "$(TARGET_NAME)";
			};
			name = Release;
		};
		F014BD9B1A4C5FD20009F87E /* Debug */ = {
			isa = XCBuildConfiguration;
			buildSettings = {
				BUNDLE_LOADER = "$(TEST_HOST)";
				FRAMEWORK_SEARCH_PATHS = (
					"$(SDKROOT)/Developer/Library/Frameworks",
					"$(inherited)",
				);
				GCC_PREPROCESSOR_DEFINITIONS = (
					"DEBUG=1",
					"$(inherited)",
				);
				INFOPLIST_FILE = CRCheckerDemoTests/Info.plist;
				LD_RUNPATH_SEARCH_PATHS = "$(inherited) @executable_path/Frameworks @loader_path/Frameworks";
				PRODUCT_NAME = "$(TARGET_NAME)";
				TEST_HOST = "$(BUILT_PRODUCTS_DIR)/CRCheckerDemo.app/CRCheckerDemo";
			};
			name = Debug;
		};
		F014BD9C1A4C5FD20009F87E /* Release */ = {
			isa = XCBuildConfiguration;
			buildSettings = {
				BUNDLE_LOADER = "$(TEST_HOST)";
				FRAMEWORK_SEARCH_PATHS = (
					"$(SDKROOT)/Developer/Library/Frameworks",
					"$(inherited)",
				);
				INFOPLIST_FILE = CRCheckerDemoTests/Info.plist;
				LD_RUNPATH_SEARCH_PATHS = "$(inherited) @executable_path/Frameworks @loader_path/Frameworks";
				PRODUCT_NAME = "$(TARGET_NAME)";
				TEST_HOST = "$(BUILT_PRODUCTS_DIR)/CRCheckerDemo.app/CRCheckerDemo";
			};
			name = Release;
		};
/* End XCBuildConfiguration section */

/* Begin XCConfigurationList section */
		F014BD451A4C5E920009F87E /* Build configuration list for PBXProject "CRChecker" */ = {
			isa = XCConfigurationList;
			buildConfigurations = (
				F014BD6B1A4C5E930009F87E /* Debug */,
				F014BD6C1A4C5E930009F87E /* Release */,
			);
			defaultConfigurationIsVisible = 0;
			defaultConfigurationName = Release;
		};
		F014BD971A4C5FD20009F87E /* Build configuration list for PBXNativeTarget "CRCheckerDemo" */ = {
			isa = XCConfigurationList;
			buildConfigurations = (
				F014BD981A4C5FD20009F87E /* Debug */,
				F014BD991A4C5FD20009F87E /* Release */,
			);
			defaultConfigurationIsVisible = 0;
			defaultConfigurationName = Release;
		};
		F014BD9A1A4C5FD20009F87E /* Build configuration list for PBXNativeTarget "CRCheckerDemoTests" */ = {
			isa = XCConfigurationList;
			buildConfigurations = (
				F014BD9B1A4C5FD20009F87E /* Debug */,
				F014BD9C1A4C5FD20009F87E /* Release */,
			);
			defaultConfigurationIsVisible = 0;
			defaultConfigurationName = Release;
		};
/* End XCConfigurationList section */
	};
	rootObject = F014BD421A4C5E920009F87E /* Project object */;
}
